<?xml version="1.0" encoding="utf-8"?>
<Project ToolsVersion="4.0" xmlns="http://schemas.microsoft.com/developer/msbuild/2003">
  <ItemGroup>
    <Filter Include="win32">
      <UniqueIdentifier>{84a8ebd7-7cf0-47f6-b75e-d441df67da40}</UniqueIdentifier>
    </Filter>
    <Filter Include="resource">
      <UniqueIdentifier>{715254bc-d70b-4ec5-bf29-467dd3ace079}</UniqueIdentifier>
    </Filter>
    <Filter Include="src">
      <UniqueIdentifier>{bb6c862e-70e9-49d9-81b7-3829a6f50471}</UniqueIdentifier>
    </Filter>
    <Filter Include="src\assets">
      <UniqueIdentifier>{b475046d-830d-4518-9e9a-650faca22600}</UniqueIdentifier>
    </Filter>
  </ItemGroup>
  <ItemGroup>
    <ClCompile Include="main.cpp">
      <Filter>win32</Filter>
    </ClCompile>
    <ClCompile Include="..\Classes\AppDelegate.cpp">
      <Filter>src</Filter>
    </ClCompile>
    <ClCompile Include="..\Classes\AboutScene.cpp">
      <Filter>src</Filter>
    </ClCompile>
    <ClCompile Include="..\Classes\AiPlayer.cpp">
      <Filter>src</Filter>
    </ClCompile>
    <ClCompile Include="..\Classes\BasicTiles.cpp">
      <Filter>src</Filter>
    </ClCompile>
    <ClCompile Include="..\Classes\EndGameScene.cpp">
      <Filter>src</Filter>
    </ClCompile>
    <ClCompile Include="..\Classes\Gaddag.cpp">
      <Filter>src</Filter>
    </ClCompile>
    <ClCompile Include="..\Classes\GameAlgorithm.cpp">
      <Filter>src</Filter>
    </ClCompile>
    <ClCompile Include="..\Classes\GameHumanScene.cpp">
      <Filter>src</Filter>
    </ClCompile>
    <ClCompile Include="..\Classes\HelpScene.cpp">
      <Filter>src</Filter>
    </ClCompile>
    <ClCompile Include="..\Classes\Heuristic.cpp">
      <Filter>src</Filter>
    </ClCompile>
    <ClCompile Include="..\Classes\MenuScene.cpp">
      <Filter>src</Filter>
    </ClCompile>
    <ClCompile Include="..\Classes\Negascout.cpp">
      <Filter>src</Filter>
    </ClCompile>
    <ClCompile Include="..\Classes\TileOnBoard.cpp">
      <Filter>src</Filter>
    </ClCompile>
    <ClCompile Include="..\Classes\Board.cpp">
      <Filter>src</Filter>
    </ClCompile>
    <ClCompile Include="..\Classes\GraphDict.cpp">
      <Filter>src</Filter>
    </ClCompile>
    <ClCompile Include="..\Classes\MCTree.cpp">
      <Filter>src</Filter>
    </ClCompile>
    <ClCompile Include="..\Classes\MonteCarloTreeSearch.cpp">
      <Filter>src</Filter>
    </ClCompile>
    <ClCompile Include="..\Classes\UCT.cpp">
      <Filter>src</Filter>
    </ClCompile>
  </ItemGroup>
  <ItemGroup>
    <ClInclude Include="main.h">
      <Filter>win32</Filter>
    </ClInclude>
    <ClInclude Include="..\Classes\AppDelegate.h">
      <Filter>src</Filter>
    </ClInclude>
    <ClInclude Include="..\Classes\AboutScene.h">
      <Filter>src</Filter>
    </ClInclude>
    <ClInclude Include="..\Classes\AppMacros.h">
      <Filter>src</Filter>
    </ClInclude>
    <ClInclude Include="..\Classes\EndGameScene.h">
      <Filter>src</Filter>
    </ClInclude>
    <ClInclude Include="..\Classes\Gaddag.h">
      <Filter>src</Filter>
    </ClInclude>
    <ClInclude Include="..\Classes\GameHumanScene.h">
      <Filter>src</Filter>
    </ClInclude>
    <ClInclude Include="..\Classes\HelpScene.h">
      <Filter>src</Filter>
    </ClInclude>
    <ClInclude Include="..\Classes\MenuScene.h">
      <Filter>src</Filter>
    </ClInclude>
    <ClInclude Include="..\Classes\Negascout.h">
      <Filter>src</Filter>
    </ClInclude>
    <ClInclude Include="..\Classes\TileOnBoard.h">
      <Filter>src</Filter>
    </ClInclude>
    <ClInclude Include="..\Classes\GraphDict.h">
      <Filter>src</Filter>
    </ClInclude>
    <ClInclude Include="..\Classes\MCTree.h">
      <Filter>src</Filter>
    </ClInclude>
    <ClInclude Include="..\Classes\MonteCarloTreeSearch.h">
      <Filter>src</Filter>
    </ClInclude>
    <ClInclude Include="..\Classes\GameAlgorithm.h">
      <Filter>src</Filter>
    </ClInclude>
    <ClInclude Include="..\Classes\AiPlayer.h">
      <Filter>src</Filter>
    </ClInclude>
    <ClInclude Include="..\Classes\BasicTiles.h">
      <Filter>src</Filter>
    </ClInclude>
    <ClInclude Include="..\Classes\Board.h">
      <Filter>src</Filter>
    </ClInclude>
  </ItemGroup>
  <ItemGroup>
    <ResourceCompile Include="game.rc">
      <Filter>resource</Filter>
    </ResourceCompile>
  </ItemGroup>
  <ItemGroup>
    <Text Include="..\Classes\ospd.txt">
      <Filter>src</Filter>
    </Text>
    <Text Include="..\Resources\CSW12.txt">
      <Filter>src\assets</Filter>
    </Text>
    <Text Include="..\Resources\CSW12_definition.txt">
      <Filter>src\assets</Filter>
    </Text>
    <Text Include="..\Resources\ospd.txt">
      <Filter>src\assets</Filter>
    </Text>
    <Text Include="..\Resources\sowpods.txt">
      <Filter>src\assets</Filter>
    </Text>
  </ItemGroup>
  <ItemGroup>
    <Image Include="..\Resources\A.png">
      <Filter>src\assets</Filter>
    </Image>
    <Image Include="..\Resources\A_blank.png">
      <Filter>src\assets</Filter>
    </Image>
    <Image Include="..\Resources\A_small.png">
      <Filter>src\assets</Filter>
    </Image>
    <Image Include="..\Resources\about.png">
      <Filter>src\assets</Filter>
    </Image>
    <Image Include="..\Resources\about_btn.png">
      <Filter>src\assets</Filter>
    </Image>
    <Image Include="..\Resources\about_hover.png">
      <Filter>src\assets</Filter>
    </Image>
    <Image Include="..\Resources\AI_1.png">
      <Filter>src\assets</Filter>
    </Image>
    <Image Include="..\Resources\AI_2.png">
      <Filter>src\assets</Filter>
    </Image>
    <Image Include="..\Resources\AI_3.png">
      <Filter>src\assets</Filter>
    </Image>
    <Image Include="..\Resources\AI_4.png">
      <Filter>src\assets</Filter>
    </Image>
    <Image Include="..\Resources\ai_btn.png">
      <Filter>src\assets</Filter>
    </Image>
    <Image Include="..\Resources\ai_hover.png">
      <Filter>src\assets</Filter>
    </Image>
    <Image Include="..\Resources\B.png">
      <Filter>src\assets</Filter>
    </Image>
    <Image Include="..\Resources\B_blank.png">
      <Filter>src\assets</Filter>
    </Image>
    <Image Include="..\Resources\B_small.png">
      <Filter>src\assets</Filter>
    </Image>
    <Image Include="..\Resources\back_btn.png">
      <Filter>src\assets</Filter>
    </Image>
    <Image Include="..\Resources\back_hover.png">
      <Filter>src\assets</Filter>
    </Image>
    <Image Include="..\Resources\bg.png">
      <Filter>src\assets</Filter>
    </Image>
    <Image Include="..\Resources\blank.png">
      <Filter>src\assets</Filter>
    </Image>
    <Image Include="..\Resources\blank_box.png">
      <Filter>src\assets</Filter>
    </Image>
    <Image Include="..\Resources\blank_small.png">
      <Filter>src\assets</Filter>
    </Image>
    <Image Include="..\Resources\board_2L.png">
      <Filter>src\assets</Filter>
    </Image>
    <Image Include="..\Resources\board_2w.png">
      <Filter>src\assets</Filter>
    </Image>
    <Image Include="..\Resources\board_3L.png">
      <Filter>src\assets</Filter>
    </Image>
    <Image Include="..\Resources\board_3w.png">
      <Filter>src\assets</Filter>
    </Image>
    <Image Include="..\Resources\board_center.png">
      <Filter>src\assets</Filter>
    </Image>
    <Image Include="..\Resources\board_tile.png">
      <Filter>src\assets</Filter>
    </Image>
    <Image Include="..\Resources\board_tile_hover.png">
      <Filter>src\assets</Filter>
    </Image>
    <Image Include="..\Resources\box.png">
      <Filter>src\assets</Filter>
    </Image>
    <Image Include="..\Resources\C.png">
      <Filter>src\assets</Filter>
    </Image>
    <Image Include="..\Resources\C_blank.png">
      <Filter>src\assets</Filter>
    </Image>
    <Image Include="..\Resources\C_small.png">
      <Filter>src\assets</Filter>
    </Image>
    <Image Include="..\Resources\cancel_btn.png">
      <Filter>src\assets</Filter>
    </Image>
    <Image Include="..\Resources\cancel_hover.png">
      <Filter>src\assets</Filter>
    </Image>
    <Image Include="..\Resources\CloseNormal.png">
      <Filter>src\assets</Filter>
    </Image>
    <Image Include="..\Resources\CloseSelected.png">
      <Filter>src\assets</Filter>
    </Image>
    <Image Include="..\Resources\D.png">
      <Filter>src\assets</Filter>
    </Image>
    <Image Include="..\Resources\D_blank.png">
      <Filter>src\assets</Filter>
    </Image>
    <Image Include="..\Resources\D_small.png">
      <Filter>src\assets</Filter>
    </Image>
    <Image Include="..\Resources\dragon_animation.png">
      <Filter>src\assets</Filter>
    </Image>
    <Image Include="..\Resources\E.png">
      <Filter>src\assets</Filter>
    </Image>
    <Image Include="..\Resources\E_blank.png">
      <Filter>src\assets</Filter>
    </Image>
    <Image Include="..\Resources\E_small.png">
      <Filter>src\assets</Filter>
    </Image>
    <Image Include="..\Resources\end_game.png">
      <Filter>src\assets</Filter>
    </Image>
    <Image Include="..\Resources\exchange_box.png">
      <Filter>src\assets</Filter>
    </Image>
    <Image Include="..\Resources\exchange_btn.png">
      <Filter>src\assets</Filter>
    </Image>
    <Image Include="..\Resources\exchange_btn_box.png">
      <Filter>src\assets</Filter>
    </Image>
    <Image Include="..\Resources\exchange_hover.png">
      <Filter>src\assets</Filter>
    </Image>
    <Image Include="..\Resources\exchange_hover_box.png">
      <Filter>src\assets</Filter>
    </Image>
    <Image Include="..\Resources\execute_btn.png">
      <Filter>src\assets</Filter>
    </Image>
    <Image Include="..\Resources\execute_hover.png">
      <Filter>src\assets</Filter>
    </Image>
    <Image Include="..\Resources\exit_btn.png">
      <Filter>src\assets</Filter>
    </Image>
    <Image Include="..\Resources\F.png">
      <Filter>src\assets</Filter>
    </Image>
    <Image Include="..\Resources\F_blank.png">
      <Filter>src\assets</Filter>
    </Image>
    <Image Include="..\Resources\F_small.png">
      <Filter>src\assets</Filter>
    </Image>
    <Image Include="..\Resources\G.png">
      <Filter>src\assets</Filter>
    </Image>
    <Image Include="..\Resources\G_blank.png">
      <Filter>src\assets</Filter>
    </Image>
    <Image Include="..\Resources\G_small.png">
      <Filter>src\assets</Filter>
    </Image>
    <Image Include="..\Resources\g3975.png">
      <Filter>src\assets</Filter>
    </Image>
    <Image Include="..\Resources\game_tracker.png">
      <Filter>src\assets</Filter>
    </Image>
    <Image Include="..\Resources\grid_helper.png">
      <Filter>src\assets</Filter>
    </Image>
    <Image Include="..\Resources\H.png">
      <Filter>src\assets</Filter>
    </Image>
    <Image Include="..\Resources\H_blank.png">
      <Filter>src\assets</Filter>
    </Image>
    <Image Include="..\Resources\H_small.png">
      <Filter>src\assets</Filter>
    </Image>
    <Image Include="..\Resources\HelloWorld.png">
      <Filter>src\assets</Filter>
    </Image>
    <Image Include="..\Resources\help.png">
      <Filter>src\assets</Filter>
    </Image>
    <Image Include="..\Resources\help_btn.png">
      <Filter>src\assets</Filter>
    </Image>
    <Image Include="..\Resources\help_hover.png">
      <Filter>src\assets</Filter>
    </Image>
    <Image Include="..\Resources\hint_bg.png">
      <Filter>src\assets</Filter>
    </Image>
    <Image Include="..\Resources\hint_btn.png">
      <Filter>src\assets</Filter>
    </Image>
    <Image Include="..\Resources\hint_hover.png">
      <Filter>src\assets</Filter>
    </Image>
    <Image Include="..\Resources\human_btn.png">
      <Filter>src\assets</Filter>
    </Image>
    <Image Include="..\Resources\human_hover.png">
      <Filter>src\assets</Filter>
    </Image>
    <Image Include="..\Resources\I.png">
      <Filter>src\assets</Filter>
    </Image>
    <Image Include="..\Resources\I_blank.png">
      <Filter>src\assets</Filter>
    </Image>
    <Image Include="..\Resources\I_small.png">
      <Filter>src\assets</Filter>
    </Image>
    <Image Include="..\Resources\J.png">
      <Filter>src\assets</Filter>
    </Image>
    <Image Include="..\Resources\J_blank.png">
      <Filter>src\assets</Filter>
    </Image>
    <Image Include="..\Resources\J_small.png">
      <Filter>src\assets</Filter>
    </Image>
    <Image Include="..\Resources\K.png">
      <Filter>src\assets</Filter>
    </Image>
    <Image Include="..\Resources\K_blank.png">
      <Filter>src\assets</Filter>
    </Image>
    <Image Include="..\Resources\K_small.png">
      <Filter>src\assets</Filter>
    </Image>
    <Image Include="..\Resources\L.png">
      <Filter>src\assets</Filter>
    </Image>
    <Image Include="..\Resources\L_blank.png">
      <Filter>src\assets</Filter>
    </Image>
    <Image Include="..\Resources\L_small.png">
      <Filter>src\assets</Filter>
    </Image>
    <Image Include="..\Resources\letter_bag.png">
      <Filter>src\assets</Filter>
    </Image>
    <Image Include="..\Resources\loading.png">
      <Filter>src\assets</Filter>
    </Image>
    <Image Include="..\Resources\logo_128.png">
      <Filter>src\assets</Filter>
    </Image>
    <Image Include="..\Resources\logo_256.png">
      <Filter>src\assets</Filter>
    </Image>
    <Image Include="..\Resources\M.png">
      <Filter>src\assets</Filter>
    </Image>
    <Image Include="..\Resources\M_blank.png">
      <Filter>src\assets</Filter>
    </Image>
    <Image Include="..\Resources\M_small.png">
      <Filter>src\assets</Filter>
    </Image>
    <Image Include="..\Resources\N.png">
      <Filter>src\assets</Filter>
    </Image>
    <Image Include="..\Resources\N_blank.png">
      <Filter>src\assets</Filter>
    </Image>
    <Image Include="..\Resources\N_small.png">
      <Filter>src\assets</Filter>
    </Image>
    <Image Include="..\Resources\O.png">
      <Filter>src\assets</Filter>
    </Image>
    <Image Include="..\Resources\O_blank.png">
      <Filter>src\assets</Filter>
    </Image>
    <Image Include="..\Resources\O_small.png">
      <Filter>src\assets</Filter>
    </Image>
    <Image Include="..\Resources\P.png">
      <Filter>src\assets</Filter>
    </Image>
    <Image Include="..\Resources\P_blank.png">
      <Filter>src\assets</Filter>
    </Image>
    <Image Include="..\Resources\P_small.png">
      <Filter>src\assets</Filter>
    </Image>
    <Image Include="..\Resources\p1_btn.png">
      <Filter>src\assets</Filter>
    </Image>
    <Image Include="..\Resources\p1_hover.png">
      <Filter>src\assets</Filter>
    </Image>
    <Image Include="..\Resources\p2_btn.png">
      <Filter>src\assets</Filter>
    </Image>
    <Image Include="..\Resources\p2_hover.png">
      <Filter>src\assets</Filter>
    </Image>
    <Image Include="..\Resources\pass_btn.png">
      <Filter>src\assets</Filter>
    </Image>
    <Image Include="..\Resources\pass_hover.png">
      <Filter>src\assets</Filter>
    </Image>
    <Image Include="..\Resources\pause_btn.png">
      <Filter>src\assets</Filter>
    </Image>
    <Image Include="..\Resources\pause_hover.png">
      <Filter>src\assets</Filter>
    </Image>
    <Image Include="..\Resources\paused.png">
      <Filter>src\assets</Filter>
    </Image>
    <Image Include="..\Resources\play_btn.png">
      <Filter>src\assets</Filter>
    </Image>
    <Image Include="..\Resources\play_btn_small.png">
      <Filter>src\assets</Filter>
    </Image>
    <Image Include="..\Resources\play_hover.png">
      <Filter>src\assets</Filter>
    </Image>
    <Image Include="..\Resources\possWord.png">
      <Filter>src\assets</Filter>
    </Image>
    <Image Include="..\Resources\Q.png">
      <Filter>src\assets</Filter>
    </Image>
    <Image Include="..\Resources\Q_blank.png">
      <Filter>src\assets</Filter>
    </Image>
    <Image Include="..\Resources\Q_small.png">
      <Filter>src\assets</Filter>
    </Image>
    <Image Include="..\Resources\R.png">
      <Filter>src\assets</Filter>
    </Image>
    <Image Include="..\Resources\R_blank.png">
      <Filter>src\assets</Filter>
    </Image>
    <Image Include="..\Resources\R_small.png">
      <Filter>src\assets</Filter>
    </Image>
    <Image Include="..\Resources\rack.png">
      <Filter>src\assets</Filter>
    </Image>
    <Image Include="..\Resources\S.png">
      <Filter>src\assets</Filter>
    </Image>
    <Image Include="..\Resources\S_blank.png">
      <Filter>src\assets</Filter>
    </Image>
    <Image Include="..\Resources\S_small.png">
      <Filter>src\assets</Filter>
    </Image>
    <Image Include="..\Resources\score.png">
      <Filter>src\assets</Filter>
    </Image>
    <Image Include="..\Resources\score_bg.png">
      <Filter>src\assets</Filter>
    </Image>
    <Image Include="..\Resources\scoreboard.png">
      <Filter>src\assets</Filter>
    </Image>
    <Image Include="..\Resources\start_btn.png">
      <Filter>src\assets</Filter>
    </Image>
    <Image Include="..\Resources\start_hover.png">
      <Filter>src\assets</Filter>
    </Image>
    <Image Include="..\Resources\T.png">
      <Filter>src\assets</Filter>
    </Image>
    <Image Include="..\Resources\T_blank.png">
      <Filter>src\assets</Filter>
    </Image>
    <Image Include="..\Resources\T_small.png">
      <Filter>src\assets</Filter>
    </Image>
    <Image Include="..\Resources\test_btn.png">
      <Filter>src\assets</Filter>
    </Image>
    <Image Include="..\Resources\test_hover.png">
      <Filter>src\assets</Filter>
    </Image>
    <Image Include="..\Resources\thingking_sprite.png">
      <Filter>src\assets</Filter>
    </Image>
    <Image Include="..\Resources\title.png">
      <Filter>src\assets</Filter>
    </Image>
    <Image Include="..\Resources\tracker.png">
      <Filter>src\assets</Filter>
    </Image>
    <Image Include="..\Resources\U.png">
      <Filter>src\assets</Filter>
    </Image>
    <Image Include="..\Resources\U_blank.png">
      <Filter>src\assets</Filter>
    </Image>
    <Image Include="..\Resources\U_small.png">
      <Filter>src\assets</Filter>
    </Image>
    <Image Include="..\Resources\V.png">
      <Filter>src\assets</Filter>
    </Image>
    <Image Include="..\Resources\V_blank.png">
      <Filter>src\assets</Filter>
    </Image>
    <Image Include="..\Resources\V_small.png">
      <Filter>src\assets</Filter>
    </Image>
    <Image Include="..\Resources\vs_label.png">
      <Filter>src\assets</Filter>
    </Image>
    <Image Include="..\Resources\W.png">
      <Filter>src\assets</Filter>
    </Image>
    <Image Include="..\Resources\W_blank.png">
      <Filter>src\assets</Filter>
    </Image>
    <Image Include="..\Resources\W_small.png">
      <Filter>src\assets</Filter>
    </Image>
    <Image Include="..\Resources\wait.png">
      <Filter>src\assets</Filter>
    </Image>
    <Image Include="..\Resources\wait2.png">
      <Filter>src\assets</Filter>
    </Image>
    <Image Include="..\Resources\wait3.png">
      <Filter>src\assets</Filter>
    </Image>
    <Image Include="..\Resources\wait4.png">
      <Filter>src\assets</Filter>
    </Image>
    <Image Include="..\Resources\X.png">
      <Filter>src\assets</Filter>
    </Image>
    <Image Include="..\Resources\X_blank.png">
      <Filter>src\assets</Filter>
    </Image>
    <Image Include="..\Resources\X_small.png">
      <Filter>src\assets</Filter>
    </Image>
    <Image Include="..\Resources\Y.png">
      <Filter>src\assets</Filter>
    </Image>
    <Image Include="..\Resources\Y_blank.png">
      <Filter>src\assets</Filter>
    </Image>
    <Image Include="..\Resources\Y_small.png">
      <Filter>src\assets</Filter>
    </Image>
    <Image Include="..\Resources\Z.png">
      <Filter>src\assets</Filter>
    </Image>
    <Image Include="..\Resources\Z_blank.png">
      <Filter>src\assets</Filter>
    </Image>
    <Image Include="..\Resources\Z_small.png">
      <Filter>src\assets</Filter>
    </Image>
    <Image Include="..\Resources\logo_16.ico">
      <Filter>src\assets</Filter>
    </Image>
    <Image Include="..\Resources\logo_32.ico">
      <Filter>src\assets</Filter>
    </Image>
    <Image Include="..\Resources\logo_48.ico">
      <Filter>src\assets</Filter>
    </Image>
  </ItemGroup>
</Project>